// !$*UTF8*$!
{
	archiveVersion = 1;
	classes = {
	};
	objectVersion = 46;
	objects = {

/* Begin PBXBuildFile section */
		543D818119E2F501004A5162 /* main.m in Sources */ = {isa = PBXBuildFile; fileRef = 543D818019E2F501004A5162 /* main.m */; };
		543D818419E2F501004A5162 /* AppDelegate.m in Sources */ = {isa = PBXBuildFile; fileRef = 543D818319E2F501004A5162 /* AppDelegate.m */; };
		543D818719E2F501004A5162 /* ViewController.m in Sources */ = {isa = PBXBuildFile; fileRef = 543D818619E2F501004A5162 /* ViewController.m */; };
		543D818A19E2F501004A5162 /* Main.storyboard in Resources */ = {isa = PBXBuildFile; fileRef = 543D818819E2F501004A5162 /* Main.storyboard */; };
		543D818C19E2F501004A5162 /* Images.xcassets in Resources */ = {isa = PBXBuildFile; fileRef = 543D818B19E2F501004A5162 /* Images.xcassets */; };
		543D818F19E2F501004A5162 /* LaunchScreen.xib in Resources */ = {isa = PBXBuildFile; fileRef = 543D818D19E2F501004A5162 /* LaunchScreen.xib */; };
		543D819B19E2F501004A5162 /* rainbowTableTests.m in Sources */ = {isa = PBXBuildFile; fileRef = 543D819A19E2F501004A5162 /* rainbowTableTests.m */; };
/* End PBXBuildFile section */

/* Begin PBXContainerItemProxy section */
		543D819519E2F501004A5162 /* PBXContainerItemProxy */ = {
			isa = PBXContainerItemProxy;
			containerPortal = 543D817319E2F501004A5162 /* Project object */;
			proxyType = 1;
			remoteGlobalIDString = 543D817A19E2F501004A5162;
			remoteInfo = rainbowTable;
		};
/* End PBXContainerItemProxy section */

/* Begin PBXFileReference section */
		543D817B19E2F501004A5162 /* rainbowTable.app */ = {isa = PBXFileReference; explicitFileType = wrapper.application; includeInIndex = 0; path = rainbowTable.app; sourceTree = BUILT_PRODUCTS_DIR; };
		543D817F19E2F501004A5162 /* Info.plist */ = {isa = PBXFileReference; lastKnownFileType = text.plist.xml; path = Info.plist; sourceTree = "<group>"; };
		543D818019E2F501004A5162 /* main.m */ = {isa = PBXFileReference; lastKnownFileType = sourcecode.c.objc; path = main.m; sourceTree = "<group>"; };
		543D818219E2F501004A5162 /* AppDelegate.h */ = {isa = PBXFileReference; lastKnownFileType = sourcecode.c.h; path = AppDelegate.h; sourceTree = "<group>"; };
		543D818319E2F501004A5162 /* AppDelegate.m */ = {isa = PBXFileReference; lastKnownFileType = sourcecode.c.objc; path = AppDelegate.m; sourceTree = "<group>"; };
		543D818519E2F501004A5162 /* ViewController.h */ = {isa = PBXFileReference; lastKnownFileType = sourcecode.c.h; path = ViewController.h; sourceTree = "<group>"; };
		543D818619E2F501004A5162 /* ViewController.m */ = {isa = PBXFileReference; lastKnownFileType = sourcecode.c.objc; path = ViewController.m; sourceTree = "<group>"; };
		543D818919E2F501004A5162 /* Base */ = {isa = PBXFileReference; lastKnownFileType = file.storyboard; name = Base; path = Base.lproj/Main.storyboard; sourceTree = "<group>"; };
		543D818B19E2F501004A5162 /* Images.xcassets */ = {isa = PBXFileReference; lastKnownFileType = folder.assetcatalog; path = Images.xcassets; sourceTree = "<group>"; };
		543D818E19E2F501004A5162 /* Base */ = {isa = PBXFileReference; lastKnownFileType = file.xib; name = Base; path = Base.lproj/LaunchScreen.xib; sourceTree = "<group>"; };
		543D819419E2F501004A5162 /* rainbowTableTests.xctest */ = {isa = PBXFileReference; explicitFileType = wrapper.cfbundle; includeInIndex = 0; path = rainbowTableTests.xctest; sourceTree = BUILT_PRODUCTS_DIR; };
		543D819919E2F501004A5162 /* Info.plist */ = {isa = PBXFileReference; lastKnownFileType = text.plist.xml; path = Info.plist; sourceTree = "<group>"; };
		543D819A19E2F501004A5162 /* rainbowTableTests.m */ = {isa = PBXFileReference; lastKnownFileType = sourcecode.c.objc; path = rainbowTableTests.m; sourceTree = "<group>"; };
/* End PBXFileReference section */

/* Begin PBXFrameworksBuildPhase section */
		543D817819E2F501004A5162 /* Frameworks */ = {
			isa = PBXFrameworksBuildPhase;
			buildActionMask = 2147483647;
			files = (
			);
			runOnlyForDeploymentPostprocessing = 0;
		};
		543D819119E2F501004A5162 /* Frameworks */ = {
			isa = PBXFrameworksBuildPhase;
			buildActionMask = 2147483647;
			files = (
			);
			runOnlyForDeploymentPostprocessing = 0;
		};
/* End PBXFrameworksBuildPhase section */

/* Begin PBXGroup section */
		543D817219E2F501004A5162 = {
			isa = PBXGroup;
			children = (
				543D817D19E2F501004A5162 /* rainbowTable */,
				543D819719E2F501004A5162 /* rainbowTableTests */,
				543D817C19E2F501004A5162 /* Products */,
			);
			sourceTree = "<group>";
		};
		543D817C19E2F501004A5162 /* Products */ = {
			isa = PBXGroup;
			children = (
				543D817B19E2F501004A5162 /* rainbowTable.app */,
				543D819419E2F501004A5162 /* rainbowTableTests.xctest */,
			);
			name = Products;
			sourceTree = "<group>";
		};
		543D817D19E2F501004A5162 /* rainbowTable */ = {
			isa = PBXGroup;
			children = (
				543D818219E2F501004A5162 /* AppDelegate.h */,
				543D818319E2F501004A5162 /* AppDelegate.m */,
				543D818519E2F501004A5162 /* ViewController.h */,
				543D818619E2F501004A5162 /* ViewController.m */,
				543D818819E2F501004A5162 /* Main.storyboard */,
				543D818B19E2F501004A5162 /* Images.xcassets */,
				543D818D19E2F501004A5162 /* LaunchScreen.xib */,
				543D817E19E2F501004A5162 /* Supporting Files */,
			);
			path = rainbowTable;
			sourceTree = "<group>";
		};
		543D817E19E2F501004A5162 /* Supporting Files */ = {
			isa = PBXGroup;
			children = (
				543D817F19E2F501004A5162 /* Info.plist */,
				543D818019E2F501004A5162 /* main.m */,
			);
			name = "Supporting Files";
			sourceTree = "<group>";
		};
		543D819719E2F501004A5162 /* rainbowTableTests */ = {
			isa = PBXGroup;
			children = (
				543D819A19E2F501004A5162 /* rainbowTableTests.m */,
				543D819819E2F501004A5162 /* Supporting Files */,
			);
			path = rainbowTableTests;
			sourceTree = "<group>";
		};
		543D819819E2F501004A5162 /* Supporting Files */ = {
			isa = PBXGroup;
			children = (
				543D819919E2F501004A5162 /* Info.plist */,
			);
			name = "Supporting Files";
			sourceTree = "<group>";
		};
/* End PBXGroup section */

/* Begin PBXNativeTarget section */
		543D817A19E2F501004A5162 /* rainbowTable */ = {
			isa = PBXNativeTarget;
			buildConfigurationList = 543D819E19E2F501004A5162 /* Build configuration list for PBXNativeTarget "rainbowTable" */;
			buildPhases = (
				543D817719E2F501004A5162 /* Sources */,
				543D817819E2F501004A5162 /* Frameworks */,
				543D817919E2F501004A5162 /* Resources */,
			);
			buildRules = (
			);
			dependencies = (
			);
			name = rainbowTable;
			productName = rainbowTable;
			productReference = 543D817B19E2F501004A5162 /* rainbowTable.app */;
			productType = "com.apple.product-type.application";
		};
		543D819319E2F501004A5162 /* rainbowTableTests */ = {
			isa = PBXNativeTarget;
			buildConfigurationList = 543D81A119E2F501004A5162 /* Build configuration list for PBXNativeTarget "rainbowTableTests" */;
			buildPhases = (
				543D819019E2F501004A5162 /* Sources */,
				543D819119E2F501004A5162 /* Frameworks */,
				543D819219E2F501004A5162 /* Resources */,
			);
			buildRules = (
			);
			dependencies = (
				543D819619E2F501004A5162 /* PBXTargetDependency */,
			);
			name = rainbowTableTests;
			productName = rainbowTableTests;
			productReference = 543D819419E2F501004A5162 /* rainbowTableTests.xctest */;
			productType = "com.apple.product-type.bundle.unit-test";
		};
/* End PBXNativeTarget section */

/* Begin PBXProject section */
		543D817319E2F501004A5162 /* Project object */ = {
			isa = PBXProject;
			attributes = {
				LastUpgradeCheck = 0600;
				ORGANIZATIONNAME = "Maxi Casal";
				TargetAttributes = {
					543D817A19E2F501004A5162 = {
						CreatedOnToolsVersion = 6.0.1;
					};
					543D819319E2F501004A5162 = {
						CreatedOnToolsVersion = 6.0.1;
						TestTargetID = 543D817A19E2F501004A5162;
					};
				};
			};
			buildConfigurationList = 543D817619E2F501004A5162 /* Build configuration list for PBXProject "rainbowTable" */;
			compatibilityVersion = "Xcode 3.2";
			developmentRegion = English;
			hasScannedForEncodings = 0;
			knownRegions = (
				en,
				Base,
			);
			mainGroup = 543D817219E2F501004A5162;
			productRefGroup = 543D817C19E2F501004A5162 /* Products */;
			projectDirPath = "";
			projectRoot = "";
			targets = (
				543D817A19E2F501004A5162 /* rainbowTable */,
				543D819319E2F501004A5162 /* rainbowTableTests */,
			);
		};
/* End PBXProject section */

/* Begin PBXResourcesBuildPhase section */
		543D817919E2F501004A5162 /* Resources */ = {
			isa = PBXResourcesBuildPhase;
			buildActionMask = 2147483647;
			files = (
				543D818A19E2F501004A5162 /* Main.storyboard in Resources */,
				543D818F19E2F501004A5162 /* LaunchScreen.xib in Resources */,
				543D818C19E2F501004A5162 /* Images.xcassets in Resources */,
			);
			runOnlyForDeploymentPostprocessing = 0;
		};
		543D819219E2F501004A5162 /* Resources */ = {
			isa = PBXResourcesBuildPhase;
			buildActionMask = 2147483647;
			files = (
			);
			runOnlyForDeploymentPostprocessing = 0;
		};
/* End PBXResourcesBuildPhase section */

/* Begin PBXSourcesBuildPhase section */
		543D817719E2F501004A5162 /* Sources */ = {
			isa = PBXSourcesBuildPhase;
			buildActionMask = 2147483647;
			files = (
				543D818719E2F501004A5162 /* ViewController.m in Sources */,
				543D818419E2F501004A5162 /* AppDelegate.m in Sources */,
				543D818119E2F501004A5162 /* main.m in Sources */,
			);
			runOnlyForDeploymentPostprocessing = 0;
		};
		543D819019E2F501004A5162 /* Sources */ = {
			isa = PBXSourcesBuildPhase;
			buildActionMask = 2147483647;
			files = (
				543D819B19E2F501004A5162 /* rainbowTableTests.m in Sources */,
			);
			runOnlyForDeploymentPostprocessing = 0;
		};
/* End PBXSourcesBuildPhase section */

/* Begin PBXTargetDependency section */
		543D819619E2F501004A5162 /* PBXTargetDependency */ = {
			isa = PBXTargetDependency;
			target = 543D817A19E2F501004A5162 /* rainbowTable */;
			targetProxy = 543D819519E2F501004A5162 /* PBXContainerItemProxy */;
		};
/* End PBXTargetDependency section */

/* Begin PBXVariantGroup section */
		543D818819E2F501004A5162 /* Main.storyboard */ = {
			isa = PBXVariantGroup;
			children = (
				543D818919E2F501004A5162 /* Base */,
			);
			name = Main.storyboard;
			sourceTree = "<group>";
		};
		543D818D19E2F501004A5162 /* LaunchScreen.xib */ = {
			isa = PBXVariantGroup;
			children = (
				543D818E19E2F501004A5162 /* Base */,
			);
			name = LaunchScreen.xib;
			sourceTree = "<group>";
		};
/* End PBXVariantGroup section */

/* Begin XCBuildConfiguration section */
		543D819C19E2F501004A5162 /* Debug */ = {
			isa = XCBuildConfiguration;
			buildSettings = {
				ALWAYS_SEARCH_USER_PATHS = NO;
				CLANG_CXX_LANGUAGE_STANDARD = "gnu++0x";
				CLANG_CXX_LIBRARY = "libc++";
				CLANG_ENABLE_MODULES = YES;
				CLANG_ENABLE_OBJC_ARC = YES;
				CLANG_WARN_BOOL_CONVERSION = YES;
				CLANG_WARN_CONSTANT_CONVERSION = YES;
				CLANG_WARN_DIRECT_OBJC_ISA_USAGE = YES_ERROR;
				CLANG_WARN_EMPTY_BODY = YES;
				CLANG_WARN_ENUM_CONVERSION = YES;
				CLANG_WARN_INT_CONVERSION = YES;
				CLANG_WARN_OBJC_ROOT_CLASS = YES_ERROR;
				CLANG_WARN_UNREACHABLE_CODE = YES;
				CLANG_WARN__DUPLICATE_METHOD_MATCH = YES;
				"CODE_SIGN_IDENTITY[sdk=iphoneos*]" = "iPhone Developer";
				COPY_PHASE_STRIP = NO;
				ENABLE_STRICT_OBJC_MSGSEND = YES;
				GCC_C_LANGUAGE_STANDARD = gnu99;
				GCC_DYNAMIC_NO_PIC = NO;
				GCC_OPTIMIZATION_LEVEL = 0;
				GCC_PREPROCESSOR_DEFINITIONS = (
					"DEBUG=1",
					"$(inherited)",
				);
				GCC_SYMBOLS_PRIVATE_EXTERN = NO;
				GCC_WARN_64_TO_32_BIT_CONVERSION = YES;
				GCC_WARN_ABOUT_RETURN_TYPE = YES_ERROR;
				GCC_WARN_UNDECLARED_SELECTOR = YES;
				GCC_WARN_UNINITIALIZED_AUTOS = YES_AGGRESSIVE;
				GCC_WARN_UNUSED_FUNCTION = YES;
				GCC_WARN_UNUSED_VARIABLE = YES;
				IPHONEOS_DEPLOYMENT_TARGET = 8.0;
				MTL_ENABLE_DEBUG_INFO = YES;
				ONLY_ACTIVE_ARCH = YES;
				SDKROOT = iphoneos;
			};
			name = Debug;
		};
		543D819D19E2F501004A5162 /* Release */ = {
			isa = XCBuildConfiguration;
			buildSettings = {
				ALWAYS_SEARCH_USER_PATHS = NO;
				CLANG_CXX_LANGUAGE_STANDARD = "gnu++0x";
				CLANG_CXX_LIBRARY = "libc++";
				CLANG_ENABLE_MODULES = YES;
				CLANG_ENABLE_OBJC_ARC = YES;
				CLANG_WARN_BOOL_CONVERSION = YES;
				CLANG_WARN_CONSTANT_CONVERSION = YES;
				CLANG_WARN_DIRECT_OBJC_ISA_USAGE = YES_ERROR;
				CLANG_WARN_EMPTY_BODY = YES;
				CLANG_WARN_ENUM_CONVERSION = YES;
				CLANG_WARN_INT_CONVERSION = YES;
				CLANG_WARN_OBJC_ROOT_CLASS = YES_ERROR;
				CLANG_WARN_UNREACHABLE_CODE = YES;
				CLANG_WARN__DUPLICATE_METHOD_MATCH = YES;
				"CODE_SIGN_IDENTITY[sdk=iphoneos*]" = "iPhone Developer";
				COPY_PHASE_STRIP = YES;
				ENABLE_NS_ASSERTIONS = NO;
				ENABLE_STRICT_OBJC_MSGSEND = YES;
				GCC_C_LANGUAGE_STANDARD = gnu99;
				GCC_WARN_64_TO_32_BIT_CONVERSION = YES;
				GCC_WARN_ABOUT_RETURN_TYPE = YES_ERROR;
				GCC_WARN_UNDECLARED_SELECTOR = YES;
				GCC_WARN_UNINITIALIZED_AUTOS = YES_AGGRESSIVE;
				GCC_WARN_UNUSED_FUNCTION = YES;
				GCC_WARN_UNUSED_VARIABLE = YES;
				IPHONEOS_DEPLOYMENT_TARGET = 8.0;
				MTL_ENABLE_DEBUG_INFO = NO;
				SDKROOT = iphoneos;
				VALIDATE_PRODUCT = YES;
			};
			name = Release;
		};
		543D819F19E2F501004A5162 /* Debug */ = {
			isa = XCBuildConfiguration;
			buildSettings = {
				ASSETCATALOG_COMPILER_APPICON_NAME = AppIcon;
				INFOPLIST_FILE = rainbowTable/Info.plist;
				LD_RUNPATH_SEARCH_PATHS = "$(inherited) @executable_path/Frameworks";
				PRODUCT_NAME = "$(TARGET_NAME)";
			};
			name = Debug;
		};
		543D81A019E2F501004A5162 /* Release */ = {
			isa = XCBuildConfiguration;
			buildSettings = {
				ASSETCATALOG_COMPILER_APPICON_NAME = AppIcon;
				INFOPLIST_FILE = rainbowTable/Info.plist;
				LD_RUNPATH_SEARCH_PATHS = "$(inherited) @executable_path/Frameworks";
				PRODUCT_NAME = "$(TARGET_NAME)";
			};
			name = Release;
		};
		543D81A219E2F501004A5162 /* Debug */ = {
			isa = XCBuildConfiguration;
			buildSettings = {
				BUNDLE_LOADER = "$(TEST_HOST)";
				FRAMEWORK_SEARCH_PATHS = (
					"$(SDKROOT)/Developer/Library/Frameworks",
					"$(inherited)",
				);
				GCC_PREPROCESSOR_DEFINITIONS = (
					"DEBUG=1",
					"$(inherited)",
				);
				INFOPLIST_FILE = rainbowTableTests/Info.plist;
				LD_RUNPATH_SEARCH_PATHS = "$(inherited) @executable_path/Frameworks @loader_path/Frameworks";
				PRODUCT_NAME = "$(TARGET_NAME)";
				TEST_HOST = "$(BUILT_PRODUCTS_DIR)/rainbowTable.app/rainbowTable";
			};
			name = Debug;
		};
		543D81A319E2F501004A5162 /* Release */ = {
			isa = XCBuildConfiguration;
			buildSettings = {
				BUNDLE_LOADER = "$(TEST_HOST)";
				FRAMEWORK_SEARCH_PATHS = (
					"$(SDKROOT)/Developer/Library/Frameworks",
					"$(inherited)",
				);
				INFOPLIST_FILE = rainbowTableTests/Info.plist;
				LD_RUNPATH_SEARCH_PATHS = "$(inherited) @executable_path/Frameworks @loader_path/Frameworks";
				PRODUCT_NAME = "$(TARGET_NAME)";
				TEST_HOST = "$(BUILT_PRODUCTS_DIR)/rainbowTable.app/rainbowTable";
			};
			name = Release;
		};
/* End XCBuildConfiguration section */

/* Begin XCConfigurationList section */
		543D817619E2F501004A5162 /* Build configuration list for PBXProject "rainbowTable" */ = {
			isa = XCConfigurationList;
			buildConfigurations = (
				543D819C19E2F501004A5162 /* Debug */,
				543D819D19E2F501004A5162 /* Release */,
			);
			defaultConfigurationIsVisible = 0;
			defaultConfigurationName = Release;
		};
		543D819E19E2F501004A5162 /* Build configuration list for PBXNativeTarget "rainbowTable" */ = {
			isa = XCConfigurationList;
			buildConfigurations = (
				543D819F19E2F501004A5162 /* Debug */,
				543D81A019E2F501004A5162 /* Release */,
			);
			defaultConfigurationIsVisible = 0;
		};
		543D81A119E2F501004A5162 /* Build configuration list for PBXNativeTarget "rainbowTableTests" */ = {
			isa = XCConfigurationList;
			buildConfigurations = (
				543D81A219E2F501004A5162 /* Debug */,
				543D81A319E2F501004A5162 /* Release */,
			);
			defaultConfigurationIsVisible = 0;
		};
/* End XCConfigurationList section */
	};
	rootObject = 543D817319E2F501004A5162 /* Project object */;
}
